
Microsoft Visual Studio Solution File, Format Version 12.00
# Visual Studio Version 17
VisualStudioVersion = 17.11.35303.130
MinimumVisualStudioVersion = 10.0.40219.1
Project("{FAE04EC0-301F-11D3-BF4B-00C04F79EFBC}") = "Bish-Bosh", "Bish-Bosh\Bish-Bosh.csproj", "{2E4F7F2A-89C0-4770-A1DA-884C418405BD}"
EndProject
Global
	GlobalSection(SolutionConfigurationPlatforms) = preSolution
		Debug|Any CPU = Debug|Any CPU
		Release|Any CPU = Release|Any CPU
	EndGlobalSection
	GlobalSection(ProjectConfigurationPlatforms) = postSolution
		{2E4F7F2A-89C0-4770-A1DA-884C418405BD}.Debug|Any CPU.ActiveCfg = Debug|Any CPU
		{2E4F7F2A-89C0-4770-A1DA-884C418405BD}.Debug|Any CPU.Build.0 = Debug|Any CPU
		{2E4F7F2A-89C0-4770-A1DA-884C418405BD}.Release|Any CPU.ActiveCfg = Release|Any CPU
		{2E4F7F2A-89C0-4770-A1DA-884C418405BD}.Release|Any CPU.Build.0 = Release|Any CPU
	EndGlobalSection
	GlobalSection(SolutionProperties) = preSolution
		HideSolutionNode = FALSE
	EndGlobalSection
	GlobalSection(ExtensibilityGlobals) = postSolution
		SolutionGuid = {AA346A7F-4F7C-47F2-9318-2616753B5655}
	EndGlobalSection
EndGlobal
