
Microsoft Visual Studio Solution File, Format Version 12.00
# Visual Studio Version 17
VisualStudioVersion = 17.11.35312.102
MinimumVisualStudioVersion = 10.0.40219.1
Project("{FAE04EC0-301F-11D3-BF4B-00C04F79EFBC}") = "hiss", "hiss\hiss.csproj", "{31ABB6C2-FE31-4D59-9E4E-B2D32AEECA68}"
EndProject
Global
	GlobalSection(SolutionConfigurationPlatforms) = preSolution
		Debug|Any CPU = Debug|Any CPU
		Release|Any CPU = Release|Any CPU
	EndGlobalSection
	GlobalSection(ProjectConfigurationPlatforms) = postSolution
		{31ABB6C2-FE31-4D59-9E4E-B2D32AEECA68}.Debug|Any CPU.ActiveCfg = Debug|Any CPU
		{31ABB6C2-FE31-4D59-9E4E-B2D32AEECA68}.Debug|Any CPU.Build.0 = Debug|Any CPU
		{31ABB6C2-FE31-4D59-9E4E-B2D32AEECA68}.Release|Any CPU.ActiveCfg = Release|Any CPU
		{31ABB6C2-FE31-4D59-9E4E-B2D32AEECA68}.Release|Any CPU.Build.0 = Release|Any CPU
	EndGlobalSection
	GlobalSection(SolutionProperties) = preSolution
		HideSolutionNode = FALSE
	EndGlobalSection
	GlobalSection(ExtensibilityGlobals) = postSolution
		SolutionGuid = {BA3406BB-7446-4DE0-A16D-A7E30520A922}
	EndGlobalSection
EndGlobal
